
Microsoft Visual Studio Solution File, Format Version 12.00
# Visual Studio Version 17
VisualStudioVersion = 17.0.31903.59
MinimumVisualStudioVersion = 10.0.40219.1
Project("{2150E333-8FDC-42A3-9474-1A3956D46DE8}") = "src", "src", "{827E0CD3-B72D-47B6-A68D-7590B98EB39B}"
EndProject
Project("{FAE04EC0-301F-11D3-BF4B-00C04F79EFBC}") = "VectorNNTP.NNTPD", "src\VectorNNTP.NNTPD\VectorNNTP.NNTPD.csproj", "{86B2E163-CB75-4191-B7F5-68C9A28D5A45}"
EndProject
Project("{2150E333-8FDC-42A3-9474-1A3956D46DE8}") = "tests", "tests", "{0AB3BF05-4346-4AA6-1389-037BE0695223}"
EndProject
Project("{FAE04EC0-301F-11D3-BF4B-00C04F79EFBC}") = "VectorNNTP.NNTPD.Tests", "tests\VectorNNTP.NNTPD.Tests\VectorNNTP.NNTPD.Tests.csproj", "{7EF99324-3BC2-491D-A022-21296467D188}"
EndProject
Project("{2150E333-8FDC-42A3-9474-1A3956D46DE8}") = "tools", "tools", "{07C2787E-EAC7-C090-1BA3-A61EC2A24D84}"
EndProject
Project("{FAE04EC0-301F-11D3-BF4B-00C04F79EFBC}") = "NNRPD", "src\NNRPD\NNRPD.csproj", "{0DAB9653-830F-47A2-B2F7-76ED81A99940}"
EndProject
Project("{FAE04EC0-301F-11D3-BF4B-00C04F79EFBC}") = "NNTPD", "src\NNTPD\NNTPD.csproj", "{95216F80-AC30-41AF-A7A2-DC7A5642CB04}"
EndProject
Project("{FAE04EC0-301F-11D3-BF4B-00C04F79EFBC}") = "VectorNNTP.NNTPD.Bench", "tools\VectorNNTP.NNTPD.Bench\VectorNNTP.NNTPD.Bench.csproj", "{A19A55FF-ABAD-4D30-A4A1-DF6CC37FC3D0}"
EndProject
Project("{FAE04EC0-301F-11D3-BF4B-00C04F79EFBC}") = "VectorNNTP.NNTPD.Bench.Tests", "tests\VectorNNTP.NNTPD.Bench.Tests\VectorNNTP.NNTPD.Bench.Tests.csproj", "{3A9FD410-3213-4D80-8D37-8EE4175A0557}"
EndProject
Project("{FAE04EC0-301F-11D3-BF4B-00C04F79EFBC}") = "VectorNNTP.StandaloneTxPoc", "tools\VectorNNTP.StandaloneTxPoc\VectorNNTP.StandaloneTxPoc.csproj", "{DCA10D01-C5A8-411B-8366-B3970BC23415}"
EndProject
Project("{FAE04EC0-301F-11D3-BF4B-00C04F79EFBC}") = "VectorNNTP.StandaloneTxPoc.Tests", "tests\VectorNNTP.StandaloneTxPoc.Tests\VectorNNTP.StandaloneTxPoc.Tests.csproj", "{EBBE1467-9A38-4E50-8A1E-9C1A1ADA9370}"
EndProject
Project("{FAE04EC0-301F-11D3-BF4B-00C04F79EFBC}") = "VectorNNTP.NNTPD.PostAllocBench", "tools\VectorNNTP.NNTPD.PostAllocBench\VectorNNTP.NNTPD.PostAllocBench.csproj", "{C8E91B44-2D7A-4F06-9B3E-81A6C4D0F215}"
EndProject
Global
	GlobalSection(SolutionConfigurationPlatforms) = preSolution
		Debug|Any CPU = Debug|Any CPU
		Debug|x64 = Debug|x64
		Debug|x86 = Debug|x86
		Release|Any CPU = Release|Any CPU
		Release|x64 = Release|x64
		Release|x86 = Release|x86
	EndGlobalSection
	GlobalSection(ProjectConfigurationPlatforms) = postSolution
		{86B2E163-CB75-4191-B7F5-68C9A28D5A45}.Debug|Any CPU.ActiveCfg = Debug|Any CPU
		{86B2E163-CB75-4191-B7F5-68C9A28D5A45}.Debug|Any CPU.Build.0 = Debug|Any CPU
		{86B2E163-CB75-4191-B7F5-68C9A28D5A45}.Debug|x64.ActiveCfg = Debug|Any CPU
		{86B2E163-CB75-4191-B7F5-68C9A28D5A45}.Debug|x64.Build.0 = Debug|Any CPU
		{86B2E163-CB75-4191-B7F5-68C9A28D5A45}.Debug|x86.ActiveCfg = Debug|Any CPU
		{86B2E163-CB75-4191-B7F5-68C9A28D5A45}.Debug|x86.Build.0 = Debug|Any CPU
		{86B2E163-CB75-4191-B7F5-68C9A28D5A45}.Release|Any CPU.ActiveCfg = Release|Any CPU
		{86B2E163-CB75-4191-B7F5-68C9A28D5A45}.Release|Any CPU.Build.0 = Release|Any CPU
		{86B2E163-CB75-4191-B7F5-68C9A28D5A45}.Release|x64.ActiveCfg = Release|Any CPU
		{86B2E163-CB75-4191-B7F5-68C9A28D5A45}.Release|x64.Build.0 = Release|Any CPU
		{86B2E163-CB75-4191-B7F5-68C9A28D5A45}.Release|x86.ActiveCfg = Release|Any CPU
		{86B2E163-CB75-4191-B7F5-68C9A28D5A45}.Release|x86.Build.0 = Release|Any CPU
		{7EF99324-3BC2-491D-A022-21296467D188}.Debug|Any CPU.ActiveCfg = Debug|Any CPU
		{7EF99324-3BC2-491D-A022-21296467D188}.Debug|Any CPU.Build.0 = Debug|Any CPU
		{7EF99324-3BC2-491D-A022-21296467D188}.Debug|x64.ActiveCfg = Debug|Any CPU
		{7EF99324-3BC2-491D-A022-21296467D188}.Debug|x64.Build.0 = Debug|Any CPU
		{7EF99324-3BC2-491D-A022-21296467D188}.Debug|x86.ActiveCfg = Debug|Any CPU
		{7EF99324-3BC2-491D-A022-21296467D188}.Debug|x86.Build.0 = Debug|Any CPU
		{7EF99324-3BC2-491D-A022-21296467D188}.Release|Any CPU.ActiveCfg = Release|Any CPU
		{7EF99324-3BC2-491D-A022-21296467D188}.Release|Any CPU.Build.0 = Release|Any CPU
		{7EF99324-3BC2-491D-A022-21296467D188}.Release|x64.ActiveCfg = Release|Any CPU
		{7EF99324-3BC2-491D-A022-21296467D188}.Release|x64.Build.0 = Release|Any CPU
		{7EF99324-3BC2-491D-A022-21296467D188}.Release|x86.ActiveCfg = Release|Any CPU
		{7EF99324-3BC2-491D-A022-21296467D188}.Release|x86.Build.0 = Release|Any CPU
		{0DAB9653-830F-47A2-B2F7-76ED81A99940}.Debug|Any CPU.ActiveCfg = Debug|Any CPU
		{0DAB9653-830F-47A2-B2F7-76ED81A99940}.Debug|Any CPU.Build.0 = Debug|Any CPU
		{0DAB9653-830F-47A2-B2F7-76ED81A99940}.Debug|x64.ActiveCfg = Debug|Any CPU
		{0DAB9653-830F-47A2-B2F7-76ED81A99940}.Debug|x64.Build.0 = Debug|Any CPU
		{0DAB9653-830F-47A2-B2F7-76ED81A99940}.Debug|x86.ActiveCfg = Debug|Any CPU
		{0DAB9653-830F-47A2-B2F7-76ED81A99940}.Debug|x86.Build.0 = Debug|Any CPU
		{0DAB9653-830F-47A2-B2F7-76ED81A99940}.Release|Any CPU.ActiveCfg = Release|Any CPU
		{0DAB9653-830F-47A2-B2F7-76ED81A99940}.Release|Any CPU.Build.0 = Release|Any CPU
		{0DAB9653-830F-47A2-B2F7-76ED81A99940}.Release|x64.ActiveCfg = Release|Any CPU
		{0DAB9653-830F-47A2-B2F7-76ED81A99940}.Release|x64.Build.0 = Release|Any CPU
		{0DAB9653-830F-47A2-B2F7-76ED81A99940}.Release|x86.ActiveCfg = Release|Any CPU
		{0DAB9653-830F-47A2-B2F7-76ED81A99940}.Release|x86.Build.0 = Release|Any CPU
		{95216F80-AC30-41AF-A7A2-DC7A5642CB04}.Debug|Any CPU.ActiveCfg = Debug|Any CPU
		{95216F80-AC30-41AF-A7A2-DC7A5642CB04}.Debug|Any CPU.Build.0 = Debug|Any CPU
		{95216F80-AC30-41AF-A7A2-DC7A5642CB04}.Debug|x64.ActiveCfg = Debug|Any CPU
		{95216F80-AC30-41AF-A7A2-DC7A5642CB04}.Debug|x64.Build.0 = Debug|Any CPU
		{95216F80-AC30-41AF-A7A2-DC7A5642CB04}.Debug|x86.ActiveCfg = Debug|Any CPU
		{95216F80-AC30-41AF-A7A2-DC7A5642CB04}.Debug|x86.Build.0 = Debug|Any CPU
		{95216F80-AC30-41AF-A7A2-DC7A5642CB04}.Release|Any CPU.ActiveCfg = Release|Any CPU
		{95216F80-AC30-41AF-A7A2-DC7A5642CB04}.Release|Any CPU.Build.0 = Release|Any CPU
		{95216F80-AC30-41AF-A7A2-DC7A5642CB04}.Release|x64.ActiveCfg = Release|Any CPU
		{95216F80-AC30-41AF-A7A2-DC7A5642CB04}.Release|x64.Build.0 = Release|Any CPU
		{95216F80-AC30-41AF-A7A2-DC7A5642CB04}.Release|x86.ActiveCfg = Release|Any CPU
		{95216F80-AC30-41AF-A7A2-DC7A5642CB04}.Release|x86.Build.0 = Release|Any CPU
		{A19A55FF-ABAD-4D30-A4A1-DF6CC37FC3D0}.Debug|Any CPU.ActiveCfg = Debug|Any CPU
		{A19A55FF-ABAD-4D30-A4A1-DF6CC37FC3D0}.Debug|Any CPU.Build.0 = Debug|Any CPU
		{A19A55FF-ABAD-4D30-A4A1-DF6CC37FC3D0}.Debug|x64.ActiveCfg = Debug|Any CPU
		{A19A55FF-ABAD-4D30-A4A1-DF6CC37FC3D0}.Debug|x64.Build.0 = Debug|Any CPU
		{A19A55FF-ABAD-4D30-A4A1-DF6CC37FC3D0}.Debug|x86.ActiveCfg = Debug|Any CPU
		{A19A55FF-ABAD-4D30-A4A1-DF6CC37FC3D0}.Debug|x86.Build.0 = Debug|Any CPU
		{A19A55FF-ABAD-4D30-A4A1-DF6CC37FC3D0}.Release|Any CPU.ActiveCfg = Release|Any CPU
		{A19A55FF-ABAD-4D30-A4A1-DF6CC37FC3D0}.Release|Any CPU.Build.0 = Release|Any CPU
		{A19A55FF-ABAD-4D30-A4A1-DF6CC37FC3D0}.Release|x64.ActiveCfg = Release|Any CPU
		{A19A55FF-ABAD-4D30-A4A1-DF6CC37FC3D0}.Release|x64.Build.0 = Release|Any CPU
		{A19A55FF-ABAD-4D30-A4A1-DF6CC37FC3D0}.Release|x86.ActiveCfg = Release|Any CPU
		{A19A55FF-ABAD-4D30-A4A1-DF6CC37FC3D0}.Release|x86.Build.0 = Release|Any CPU
		{3A9FD410-3213-4D80-8D37-8EE4175A0557}.Debug|Any CPU.ActiveCfg = Debug|Any CPU
		{3A9FD410-3213-4D80-8D37-8EE4175A0557}.Debug|Any CPU.Build.0 = Debug|Any CPU
		{3A9FD410-3213-4D80-8D37-8EE4175A0557}.Debug|x64.ActiveCfg = Debug|Any CPU
		{3A9FD410-3213-4D80-8D37-8EE4175A0557}.Debug|x64.Build.0 = Debug|Any CPU
		{3A9FD410-3213-4D80-8D37-8EE4175A0557}.Debug|x86.ActiveCfg = Debug|Any CPU
		{3A9FD410-3213-4D80-8D37-8EE4175A0557}.Debug|x86.Build.0 = Debug|Any CPU
		{3A9FD410-3213-4D80-8D37-8EE4175A0557}.Release|Any CPU.ActiveCfg = Release|Any CPU
		{3A9FD410-3213-4D80-8D37-8EE4175A0557}.Release|Any CPU.Build.0 = Release|Any CPU
		{3A9FD410-3213-4D80-8D37-8EE4175A0557}.Release|x64.ActiveCfg = Release|Any CPU
		{3A9FD410-3213-4D80-8D37-8EE4175A0557}.Release|x64.Build.0 = Release|Any CPU
		{3A9FD410-3213-4D80-8D37-8EE4175A0557}.Release|x86.ActiveCfg = Release|Any CPU
		{3A9FD410-3213-4D80-8D37-8EE4175A0557}.Release|x86.Build.0 = Release|Any CPU
		{DCA10D01-C5A8-411B-8366-B3970BC23415}.Debug|Any CPU.ActiveCfg = Debug|Any CPU
		{DCA10D01-C5A8-411B-8366-B3970BC23415}.Debug|Any CPU.Build.0 = Debug|Any CPU
		{DCA10D01-C5A8-411B-8366-B3970BC23415}.Debug|x64.ActiveCfg = Debug|Any CPU
		{DCA10D01-C5A8-411B-8366-B3970BC23415}.Debug|x64.Build.0 = Debug|Any CPU
		{DCA10D01-C5A8-411B-8366-B3970BC23415}.Debug|x86.ActiveCfg = Debug|Any CPU
		{DCA10D01-C5A8-411B-8366-B3970BC23415}.Debug|x86.Build.0 = Debug|Any CPU
		{DCA10D01-C5A8-411B-8366-B3970BC23415}.Release|Any CPU.ActiveCfg = Release|Any CPU
		{DCA10D01-C5A8-411B-8366-B3970BC23415}.Release|Any CPU.Build.0 = Release|Any CPU
		{DCA10D01-C5A8-411B-8366-B3970BC23415}.Release|x64.ActiveCfg = Release|Any CPU
		{DCA10D01-C5A8-411B-8366-B3970BC23415}.Release|x64.Build.0 = Release|Any CPU
		{DCA10D01-C5A8-411B-8366-B3970BC23415}.Release|x86.ActiveCfg = Release|Any CPU
		{DCA10D01-C5A8-411B-8366-B3970BC23415}.Release|x86.Build.0 = Release|Any CPU
		{EBBE1467-9A38-4E50-8A1E-9C1A1ADA9370}.Debug|Any CPU.ActiveCfg = Debug|Any CPU
		{EBBE1467-9A38-4E50-8A1E-9C1A1ADA9370}.Debug|Any CPU.Build.0 = Debug|Any CPU
		{EBBE1467-9A38-4E50-8A1E-9C1A1ADA9370}.Debug|x64.ActiveCfg = Debug|Any CPU
		{EBBE1467-9A38-4E50-8A1E-9C1A1ADA9370}.Debug|x64.Build.0 = Debug|Any CPU
		{EBBE1467-9A38-4E50-8A1E-9C1A1ADA9370}.Debug|x86.ActiveCfg = Debug|Any CPU
		{EBBE1467-9A38-4E50-8A1E-9C1A1ADA9370}.Debug|x86.Build.0 = Debug|Any CPU
		{EBBE1467-9A38-4E50-8A1E-9C1A1ADA9370}.Release|Any CPU.ActiveCfg = Release|Any CPU
		{EBBE1467-9A38-4E50-8A1E-9C1A1ADA9370}.Release|Any CPU.Build.0 = Release|Any CPU
		{EBBE1467-9A38-4E50-8A1E-9C1A1ADA9370}.Release|x64.ActiveCfg = Release|Any CPU
		{EBBE1467-9A38-4E50-8A1E-9C1A1ADA9370}.Release|x64.Build.0 = Release|Any CPU
		{EBBE1467-9A38-4E50-8A1E-9C1A1ADA9370}.Release|x86.ActiveCfg = Release|Any CPU
		{EBBE1467-9A38-4E50-8A1E-9C1A1ADA9370}.Release|x86.Build.0 = Release|Any CPU
		{C8E91B44-2D7A-4F06-9B3E-81A6C4D0F215}.Debug|Any CPU.ActiveCfg = Debug|Any CPU
		{C8E91B44-2D7A-4F06-9B3E-81A6C4D0F215}.Debug|Any CPU.Build.0 = Debug|Any CPU
		{C8E91B44-2D7A-4F06-9B3E-81A6C4D0F215}.Debug|x64.ActiveCfg = Debug|Any CPU
		{C8E91B44-2D7A-4F06-9B3E-81A6C4D0F215}.Debug|x64.Build.0 = Debug|Any CPU
		{C8E91B44-2D7A-4F06-9B3E-81A6C4D0F215}.Debug|x86.ActiveCfg = Debug|Any CPU
		{C8E91B44-2D7A-4F06-9B3E-81A6C4D0F215}.Debug|x86.Build.0 = Debug|Any CPU
		{C8E91B44-2D7A-4F06-9B3E-81A6C4D0F215}.Release|Any CPU.ActiveCfg = Release|Any CPU
		{C8E91B44-2D7A-4F06-9B3E-81A6C4D0F215}.Release|Any CPU.Build.0 = Release|Any CPU
		{C8E91B44-2D7A-4F06-9B3E-81A6C4D0F215}.Release|x64.ActiveCfg = Release|Any CPU
		{C8E91B44-2D7A-4F06-9B3E-81A6C4D0F215}.Release|x64.Build.0 = Release|Any CPU
		{C8E91B44-2D7A-4F06-9B3E-81A6C4D0F215}.Release|x86.ActiveCfg = Release|Any CPU
		{C8E91B44-2D7A-4F06-9B3E-81A6C4D0F215}.Release|x86.Build.0 = Release|Any CPU
	EndGlobalSection
	GlobalSection(SolutionProperties) = preSolution
		HideSolutionNode = FALSE
	EndGlobalSection
	GlobalSection(NestedProjects) = preSolution
		{86B2E163-CB75-4191-B7F5-68C9A28D5A45} = {827E0CD3-B72D-47B6-A68D-7590B98EB39B}
		{7EF99324-3BC2-491D-A022-21296467D188} = {0AB3BF05-4346-4AA6-1389-037BE0695223}
		{0DAB9653-830F-47A2-B2F7-76ED81A99940} = {827E0CD3-B72D-47B6-A68D-7590B98EB39B}
		{95216F80-AC30-41AF-A7A2-DC7A5642CB04} = {827E0CD3-B72D-47B6-A68D-7590B98EB39B}
		{A19A55FF-ABAD-4D30-A4A1-DF6CC37FC3D0} = {07C2787E-EAC7-C090-1BA3-A61EC2A24D84}
		{3A9FD410-3213-4D80-8D37-8EE4175A0557} = {0AB3BF05-4346-4AA6-1389-037BE0695223}
		{DCA10D01-C5A8-411B-8366-B3970BC23415} = {07C2787E-EAC7-C090-1BA3-A61EC2A24D84}
		{EBBE1467-9A38-4E50-8A1E-9C1A1ADA9370} = {0AB3BF05-4346-4AA6-1389-037BE0695223}
		{C8E91B44-2D7A-4F06-9B3E-81A6C4D0F215} = {07C2787E-EAC7-C090-1BA3-A61EC2A24D84}
	EndGlobalSection
EndGlobal
